
Microsoft Visual Studio Solution File, Format Version 12.00
Project("{FAE04EC0-301F-11D3-BF4B-00C04F79EFBC}") = "Matrix Parser", "Matrix Parser\Matrix Parser.csproj", "{E29F621B-E8CE-467E-92CD-DA63EDA6A014}"
EndProject
Global
	GlobalSection(SolutionConfigurationPlatforms) = preSolution
		Debug|Any CPU = Debug|Any CPU
		Release|Any CPU = Release|Any CPU
	EndGlobalSection
	GlobalSection(ProjectConfigurationPlatforms) = postSolution
		{E29F621B-E8CE-467E-92CD-DA63EDA6A014}.Debug|Any CPU.ActiveCfg = Debug|Any CPU
		{E29F621B-E8CE-467E-92CD-DA63EDA6A014}.Debug|Any CPU.Build.0 = Debug|Any CPU
		{E29F621B-E8CE-467E-92CD-DA63EDA6A014}.Release|Any CPU.ActiveCfg = Release|Any CPU
		{E29F621B-E8CE-467E-92CD-DA63EDA6A014}.Release|Any CPU.Build.0 = Release|Any CPU
	EndGlobalSection
EndGlobal
